// !$*UTF8*$!
{
	archiveVersion = 1;
	classes = {
	};
	objectVersion = 48;
	objects = {

/* Begin PBXBuildFile section */
		E60842B91FA52EAD00B8D61C /* NotesInteractorInterface.swift in Sources */ = {isa = PBXBuildFile; fileRef = E60842B81FA52EAD00B8D61C /* NotesInteractorInterface.swift */; };
		E60842BB1FA5311800B8D61C /* NotesInteractor.swift in Sources */ = {isa = PBXBuildFile; fileRef = E60842BA1FA5311800B8D61C /* NotesInteractor.swift */; };
		E61821601FA58BFE006551FF /* NoteCalculator.swift in Sources */ = {isa = PBXBuildFile; fileRef = E618215F1FA58BFE006551FF /* NoteCalculator.swift */; };
		E61821691FA59DBA006551FF /* SimpleInputCell.swift in Sources */ = {isa = PBXBuildFile; fileRef = E61821671FA59DBA006551FF /* SimpleInputCell.swift */; };
		E618216A1FA59DBA006551FF /* SimpleInputCell.xib in Resources */ = {isa = PBXBuildFile; fileRef = E61821681FA59DBA006551FF /* SimpleInputCell.xib */; };
		E63AE0C01F9D488F002FE2CC /* NotesModuleLoader.swift in Sources */ = {isa = PBXBuildFile; fileRef = E63AE0BF1F9D488F002FE2CC /* NotesModuleLoader.swift */; };
		E63AE0C41F9D6A13002FE2CC /* FormPresenterInterface.swift in Sources */ = {isa = PBXBuildFile; fileRef = E63AE0C31F9D6A13002FE2CC /* FormPresenterInterface.swift */; };
		E6D3364A1F9D103A00363C9C /* AppDelegate.swift in Sources */ = {isa = PBXBuildFile; fileRef = E6D336491F9D103A00363C9C /* AppDelegate.swift */; };
		E6D3364C1F9D103A00363C9C /* Assets.xcassets in Resources */ = {isa = PBXBuildFile; fileRef = E6D3364B1F9D103A00363C9C /* Assets.xcassets */; };
		E6D3364F1F9D103A00363C9C /* LaunchScreen.storyboard in Resources */ = {isa = PBXBuildFile; fileRef = E6D3364D1F9D103A00363C9C /* LaunchScreen.storyboard */; };
		E6D3365A1F9D103A00363C9C /* FormTests.swift in Sources */ = {isa = PBXBuildFile; fileRef = E6D336591F9D103A00363C9C /* FormTests.swift */; };
		E6D336651F9D103A00363C9C /* FormUITests.swift in Sources */ = {isa = PBXBuildFile; fileRef = E6D336641F9D103A00363C9C /* FormUITests.swift */; };
		E6D3367B1F9D10CF00363C9C /* FormViewController.xib in Resources */ = {isa = PBXBuildFile; fileRef = E6D336791F9D10CF00363C9C /* FormViewController.xib */; };
		E6D3367C1F9D10CF00363C9C /* FormViewController.swift in Sources */ = {isa = PBXBuildFile; fileRef = E6D3367A1F9D10CF00363C9C /* FormViewController.swift */; };
		E6D3367E1F9D10EE00363C9C /* FormDataSource.swift in Sources */ = {isa = PBXBuildFile; fileRef = E6D3367D1F9D10EE00363C9C /* FormDataSource.swift */; };
		E6D336801F9D115600363C9C /* FormPresenter.swift in Sources */ = {isa = PBXBuildFile; fileRef = E6D3367F1F9D115600363C9C /* FormPresenter.swift */; };
		E6D336881F9D17E500363C9C /* SimpleActionCell.swift in Sources */ = {isa = PBXBuildFile; fileRef = E6D336861F9D17E500363C9C /* SimpleActionCell.swift */; };
		E6D336891F9D17E500363C9C /* SimpleActionCell.xib in Resources */ = {isa = PBXBuildFile; fileRef = E6D336871F9D17E500363C9C /* SimpleActionCell.xib */; };
		E6D3368C1F9D17F900363C9C /* DoubleInputCell.xib in Resources */ = {isa = PBXBuildFile; fileRef = E6D3368A1F9D17F800363C9C /* DoubleInputCell.xib */; };
		E6D3368D1F9D17F900363C9C /* DoubleInputCell.swift in Sources */ = {isa = PBXBuildFile; fileRef = E6D3368B1F9D17F900363C9C /* DoubleInputCell.swift */; };
		E6D336901F9D1F9500363C9C /* Collection+Bounds.swift in Sources */ = {isa = PBXBuildFile; fileRef = E6D3368F1F9D1F9500363C9C /* Collection+Bounds.swift */; };
		E6D336931F9D2BF200363C9C /* SimpleDescriptionCell.swift in Sources */ = {isa = PBXBuildFile; fileRef = E6D336911F9D2BF200363C9C /* SimpleDescriptionCell.swift */; };
		E6D336941F9D2BF200363C9C /* SimpleDescriptionCell.xib in Resources */ = {isa = PBXBuildFile; fileRef = E6D336921F9D2BF200363C9C /* SimpleDescriptionCell.xib */; };
		E6D336971F9D2C2A00363C9C /* AddOrRemoveDoubleInputCell.swift in Sources */ = {isa = PBXBuildFile; fileRef = E6D336951F9D2C2A00363C9C /* AddOrRemoveDoubleInputCell.swift */; };
		E6D336981F9D2C2A00363C9C /* AddOrRemoveDoubleInputCell.xib in Resources */ = {isa = PBXBuildFile; fileRef = E6D336961F9D2C2A00363C9C /* AddOrRemoveDoubleInputCell.xib */; };
/* End PBXBuildFile section */

/* Begin PBXContainerItemProxy section */
		E6D336561F9D103A00363C9C /* PBXContainerItemProxy */ = {
			isa = PBXContainerItemProxy;
			containerPortal = E6D3363E1F9D103A00363C9C /* Project object */;
			proxyType = 1;
			remoteGlobalIDString = E6D336451F9D103A00363C9C;
			remoteInfo = Form;
		};
		E6D336611F9D103A00363C9C /* PBXContainerItemProxy */ = {
			isa = PBXContainerItemProxy;
			containerPortal = E6D3363E1F9D103A00363C9C /* Project object */;
			proxyType = 1;
			remoteGlobalIDString = E6D336451F9D103A00363C9C;
			remoteInfo = Form;
		};
/* End PBXContainerItemProxy section */

/* Begin PBXFileReference section */
		E60842B81FA52EAD00B8D61C /* NotesInteractorInterface.swift */ = {isa = PBXFileReference; lastKnownFileType = sourcecode.swift; path = NotesInteractorInterface.swift; sourceTree = "<group>"; };
		E60842BA1FA5311800B8D61C /* NotesInteractor.swift */ = {isa = PBXFileReference; lastKnownFileType = sourcecode.swift; path = NotesInteractor.swift; sourceTree = "<group>"; };
		E618215F1FA58BFE006551FF /* NoteCalculator.swift */ = {isa = PBXFileReference; lastKnownFileType = sourcecode.swift; path = NoteCalculator.swift; sourceTree = "<group>"; };
		E61821671FA59DBA006551FF /* SimpleInputCell.swift */ = {isa = PBXFileReference; lastKnownFileType = sourcecode.swift; name = SimpleInputCell.swift; path = Notes/Cells/SimpleInputCell.swift; sourceTree = "<group>"; };
		E61821681FA59DBA006551FF /* SimpleInputCell.xib */ = {isa = PBXFileReference; lastKnownFileType = file.xib; name = SimpleInputCell.xib; path = Notes/Cells/SimpleInputCell.xib; sourceTree = "<group>"; };
		E63AE0BF1F9D488F002FE2CC /* NotesModuleLoader.swift */ = {isa = PBXFileReference; lastKnownFileType = sourcecode.swift; name = NotesModuleLoader.swift; path = Notes/NotesModuleLoader.swift; sourceTree = "<group>"; };
		E63AE0C31F9D6A13002FE2CC /* FormPresenterInterface.swift */ = {isa = PBXFileReference; lastKnownFileType = sourcecode.swift; name = FormPresenterInterface.swift; path = Notes/FormPresenterInterface.swift; sourceTree = "<group>"; };
		E6D336461F9D103A00363C9C /* Form.app */ = {isa = PBXFileReference; explicitFileType = wrapper.application; includeInIndex = 0; path = Form.app; sourceTree = BUILT_PRODUCTS_DIR; };
		E6D336491F9D103A00363C9C /* AppDelegate.swift */ = {isa = PBXFileReference; lastKnownFileType = sourcecode.swift; path = AppDelegate.swift; sourceTree = "<group>"; };
		E6D3364B1F9D103A00363C9C /* Assets.xcassets */ = {isa = PBXFileReference; lastKnownFileType = folder.assetcatalog; path = Assets.xcassets; sourceTree = "<group>"; };
		E6D3364E1F9D103A00363C9C /* Base */ = {isa = PBXFileReference; lastKnownFileType = file.storyboard; name = Base; path = Base.lproj/LaunchScreen.storyboard; sourceTree = "<group>"; };
		E6D336501F9D103A00363C9C /* Info.plist */ = {isa = PBXFileReference; lastKnownFileType = text.plist.xml; path = Info.plist; sourceTree = "<group>"; };
		E6D336551F9D103A00363C9C /* FormTests.xctest */ = {isa = PBXFileReference; explicitFileType = wrapper.cfbundle; includeInIndex = 0; path = FormTests.xctest; sourceTree = BUILT_PRODUCTS_DIR; };
		E6D336591F9D103A00363C9C /* FormTests.swift */ = {isa = PBXFileReference; lastKnownFileType = sourcecode.swift; path = FormTests.swift; sourceTree = "<group>"; };
		E6D3365B1F9D103A00363C9C /* Info.plist */ = {isa = PBXFileReference; lastKnownFileType = text.plist.xml; path = Info.plist; sourceTree = "<group>"; };
		E6D336601F9D103A00363C9C /* FormUITests.xctest */ = {isa = PBXFileReference; explicitFileType = wrapper.cfbundle; includeInIndex = 0; path = FormUITests.xctest; sourceTree = BUILT_PRODUCTS_DIR; };
		E6D336641F9D103A00363C9C /* FormUITests.swift */ = {isa = PBXFileReference; lastKnownFileType = sourcecode.swift; path = FormUITests.swift; sourceTree = "<group>"; };
		E6D336661F9D103A00363C9C /* Info.plist */ = {isa = PBXFileReference; lastKnownFileType = text.plist.xml; path = Info.plist; sourceTree = "<group>"; };
		E6D336791F9D10CF00363C9C /* FormViewController.xib */ = {isa = PBXFileReference; fileEncoding = 4; lastKnownFileType = file.xib; path = FormViewController.xib; sourceTree = "<group>"; };
		E6D3367A1F9D10CF00363C9C /* FormViewController.swift */ = {isa = PBXFileReference; fileEncoding = 4; lastKnownFileType = sourcecode.swift; path = FormViewController.swift; sourceTree = "<group>"; };
		E6D3367D1F9D10EE00363C9C /* FormDataSource.swift */ = {isa = PBXFileReference; lastKnownFileType = sourcecode.swift; path = FormDataSource.swift; sourceTree = "<group>"; };
		E6D3367F1F9D115600363C9C /* FormPresenter.swift */ = {isa = PBXFileReference; lastKnownFileType = sourcecode.swift; name = FormPresenter.swift; path = Notes/FormPresenter.swift; sourceTree = "<group>"; };
		E6D336861F9D17E500363C9C /* SimpleActionCell.swift */ = {isa = PBXFileReference; lastKnownFileType = sourcecode.swift; name = SimpleActionCell.swift; path = Notes/Cells/SimpleActionCell.swift; sourceTree = "<group>"; };
		E6D336871F9D17E500363C9C /* SimpleActionCell.xib */ = {isa = PBXFileReference; lastKnownFileType = file.xib; name = SimpleActionCell.xib; path = Notes/Cells/SimpleActionCell.xib; sourceTree = "<group>"; };
		E6D3368A1F9D17F800363C9C /* DoubleInputCell.xib */ = {isa = PBXFileReference; fileEncoding = 4; lastKnownFileType = file.xib; name = DoubleInputCell.xib; path = Notes/Cells/DoubleInputCell.xib; sourceTree = "<group>"; };
		E6D3368B1F9D17F900363C9C /* DoubleInputCell.swift */ = {isa = PBXFileReference; fileEncoding = 4; lastKnownFileType = sourcecode.swift; name = DoubleInputCell.swift; path = Notes/Cells/DoubleInputCell.swift; sourceTree = "<group>"; };
		E6D3368F1F9D1F9500363C9C /* Collection+Bounds.swift */ = {isa = PBXFileReference; fileEncoding = 4; lastKnownFileType = sourcecode.swift; path = "Collection+Bounds.swift"; sourceTree = "<group>"; };
		E6D336911F9D2BF200363C9C /* SimpleDescriptionCell.swift */ = {isa = PBXFileReference; lastKnownFileType = sourcecode.swift; name = SimpleDescriptionCell.swift; path = Notes/Cells/SimpleDescriptionCell.swift; sourceTree = "<group>"; };
		E6D336921F9D2BF200363C9C /* SimpleDescriptionCell.xib */ = {isa = PBXFileReference; lastKnownFileType = file.xib; name = SimpleDescriptionCell.xib; path = Notes/Cells/SimpleDescriptionCell.xib; sourceTree = "<group>"; };
		E6D336951F9D2C2A00363C9C /* AddOrRemoveDoubleInputCell.swift */ = {isa = PBXFileReference; lastKnownFileType = sourcecode.swift; name = AddOrRemoveDoubleInputCell.swift; path = Notes/Cells/AddOrRemoveDoubleInputCell.swift; sourceTree = "<group>"; };
		E6D336961F9D2C2A00363C9C /* AddOrRemoveDoubleInputCell.xib */ = {isa = PBXFileReference; lastKnownFileType = file.xib; name = AddOrRemoveDoubleInputCell.xib; path = Notes/Cells/AddOrRemoveDoubleInputCell.xib; sourceTree = "<group>"; };
/* End PBXFileReference section */

/* Begin PBXFrameworksBuildPhase section */
		E6D336431F9D103A00363C9C /* Frameworks */ = {
			isa = PBXFrameworksBuildPhase;
			buildActionMask = 2147483647;
			files = (
			);
			runOnlyForDeploymentPostprocessing = 0;
		};
		E6D336521F9D103A00363C9C /* Frameworks */ = {
			isa = PBXFrameworksBuildPhase;
			buildActionMask = 2147483647;
			files = (
			);
			runOnlyForDeploymentPostprocessing = 0;
		};
		E6D3365D1F9D103A00363C9C /* Frameworks */ = {
			isa = PBXFrameworksBuildPhase;
			buildActionMask = 2147483647;
			files = (
			);
			runOnlyForDeploymentPostprocessing = 0;
		};
/* End PBXFrameworksBuildPhase section */

/* Begin PBXGroup section */
		E60842B71FA52E8E00B8D61C /* Interactor */ = {
			isa = PBXGroup;
			children = (
				E618215E1FA58BE9006551FF /* Services */,
				E60842B81FA52EAD00B8D61C /* NotesInteractorInterface.swift */,
				E60842BA1FA5311800B8D61C /* NotesInteractor.swift */,
			);
			path = Interactor;
			sourceTree = "<group>";
		};
		E618215E1FA58BE9006551FF /* Services */ = {
			isa = PBXGroup;
			children = (
				E618215F1FA58BFE006551FF /* NoteCalculator.swift */,
			);
			path = Services;
			sourceTree = "<group>";
		};
		E63AE0C51F9D6A18002FE2CC /* Presenter */ = {
			isa = PBXGroup;
			children = (
				E63AE0C31F9D6A13002FE2CC /* FormPresenterInterface.swift */,
				E6D3367F1F9D115600363C9C /* FormPresenter.swift */,
			);
			name = Presenter;
			sourceTree = "<group>";
		};
		E63AE0C61F9D6A3A002FE2CC /* View */ = {
			isa = PBXGroup;
			children = (
				E6D336811F9D172E00363C9C /* Cells */,
				E6D3367A1F9D10CF00363C9C /* FormViewController.swift */,
				E6D336791F9D10CF00363C9C /* FormViewController.xib */,
				E6D3367D1F9D10EE00363C9C /* FormDataSource.swift */,
			);
			path = View;
			sourceTree = "<group>";
		};
		E6D3363D1F9D103A00363C9C = {
			isa = PBXGroup;
			children = (
				E6D336481F9D103A00363C9C /* Form */,
				E6D336581F9D103A00363C9C /* FormTests */,
				E6D336631F9D103A00363C9C /* FormUITests */,
				E6D336471F9D103A00363C9C /* Products */,
			);
			sourceTree = "<group>";
		};
		E6D336471F9D103A00363C9C /* Products */ = {
			isa = PBXGroup;
			children = (
				E6D336461F9D103A00363C9C /* Form.app */,
				E6D336551F9D103A00363C9C /* FormTests.xctest */,
				E6D336601F9D103A00363C9C /* FormUITests.xctest */,
			);
			name = Products;
			sourceTree = "<group>";
		};
		E6D336481F9D103A00363C9C /* Form */ = {
			isa = PBXGroup;
			children = (
				E6D3368E1F9D1F7A00363C9C /* Utils */,
				E6D336781F9D10BC00363C9C /* Notes */,
				E6D336491F9D103A00363C9C /* AppDelegate.swift */,
				E6D3364B1F9D103A00363C9C /* Assets.xcassets */,
				E6D3364D1F9D103A00363C9C /* LaunchScreen.storyboard */,
				E6D336501F9D103A00363C9C /* Info.plist */,
			);
			path = Form;
			sourceTree = "<group>";
		};
		E6D336581F9D103A00363C9C /* FormTests */ = {
			isa = PBXGroup;
			children = (
				E6D336591F9D103A00363C9C /* FormTests.swift */,
				E6D3365B1F9D103A00363C9C /* Info.plist */,
			);
			path = FormTests;
			sourceTree = "<group>";
		};
		E6D336631F9D103A00363C9C /* FormUITests */ = {
			isa = PBXGroup;
			children = (
				E6D336641F9D103A00363C9C /* FormUITests.swift */,
				E6D336661F9D103A00363C9C /* Info.plist */,
			);
			path = FormUITests;
			sourceTree = "<group>";
		};
		E6D336781F9D10BC00363C9C /* Notes */ = {
			isa = PBXGroup;
			children = (
				E60842B71FA52E8E00B8D61C /* Interactor */,
				E63AE0C61F9D6A3A002FE2CC /* View */,
				E63AE0C51F9D6A18002FE2CC /* Presenter */,
				E63AE0BF1F9D488F002FE2CC /* NotesModuleLoader.swift */,
			);
			name = Notes;
			sourceTree = "<group>";
		};
		E6D336811F9D172E00363C9C /* Cells */ = {
			isa = PBXGroup;
			children = (
				E6D336911F9D2BF200363C9C /* SimpleDescriptionCell.swift */,
				E6D336921F9D2BF200363C9C /* SimpleDescriptionCell.xib */,
				E6D336861F9D17E500363C9C /* SimpleActionCell.swift */,
				E6D336871F9D17E500363C9C /* SimpleActionCell.xib */,
				E61821671FA59DBA006551FF /* SimpleInputCell.swift */,
				E61821681FA59DBA006551FF /* SimpleInputCell.xib */,
				E6D3368B1F9D17F900363C9C /* DoubleInputCell.swift */,
				E6D3368A1F9D17F800363C9C /* DoubleInputCell.xib */,
				E6D336951F9D2C2A00363C9C /* AddOrRemoveDoubleInputCell.swift */,
				E6D336961F9D2C2A00363C9C /* AddOrRemoveDoubleInputCell.xib */,
			);
			name = Cells;
			path = ..;
			sourceTree = "<group>";
		};
		E6D3368E1F9D1F7A00363C9C /* Utils */ = {
			isa = PBXGroup;
			children = (
				E6D3368F1F9D1F9500363C9C /* Collection+Bounds.swift */,
			);
			name = Utils;
			sourceTree = "<group>";
		};
/* End PBXGroup section */

/* Begin PBXNativeTarget section */
		E6D336451F9D103A00363C9C /* Form */ = {
			isa = PBXNativeTarget;
			buildConfigurationList = E6D336691F9D103A00363C9C /* Build configuration list for PBXNativeTarget "Form" */;
			buildPhases = (
				E6D336421F9D103A00363C9C /* Sources */,
				E6D336431F9D103A00363C9C /* Frameworks */,
				E6D336441F9D103A00363C9C /* Resources */,
			);
			buildRules = (
			);
			dependencies = (
			);
			name = Form;
			productName = Form;
			productReference = E6D336461F9D103A00363C9C /* Form.app */;
			productType = "com.apple.product-type.application";
		};
		E6D336541F9D103A00363C9C /* FormTests */ = {
			isa = PBXNativeTarget;
			buildConfigurationList = E6D3366C1F9D103A00363C9C /* Build configuration list for PBXNativeTarget "FormTests" */;
			buildPhases = (
				E6D336511F9D103A00363C9C /* Sources */,
				E6D336521F9D103A00363C9C /* Frameworks */,
				E6D336531F9D103A00363C9C /* Resources */,
			);
			buildRules = (
			);
			dependencies = (
				E6D336571F9D103A00363C9C /* PBXTargetDependency */,
			);
			name = FormTests;
			productName = FormTests;
			productReference = E6D336551F9D103A00363C9C /* FormTests.xctest */;
			productType = "com.apple.product-type.bundle.unit-test";
		};
		E6D3365F1F9D103A00363C9C /* FormUITests */ = {
			isa = PBXNativeTarget;
			buildConfigurationList = E6D3366F1F9D103A00363C9C /* Build configuration list for PBXNativeTarget "FormUITests" */;
			buildPhases = (
				E6D3365C1F9D103A00363C9C /* Sources */,
				E6D3365D1F9D103A00363C9C /* Frameworks */,
				E6D3365E1F9D103A00363C9C /* Resources */,
			);
			buildRules = (
			);
			dependencies = (
				E6D336621F9D103A00363C9C /* PBXTargetDependency */,
			);
			name = FormUITests;
			productName = FormUITests;
			productReference = E6D336601F9D103A00363C9C /* FormUITests.xctest */;
			productType = "com.apple.product-type.bundle.ui-testing";
		};
/* End PBXNativeTarget section */

/* Begin PBXProject section */
		E6D3363E1F9D103A00363C9C /* Project object */ = {
			isa = PBXProject;
			attributes = {
				LastSwiftUpdateCheck = 0900;
				LastUpgradeCheck = 0900;
				ORGANIZATIONNAME = "Eli Pacheco Hoyos";
				TargetAttributes = {
					E6D336451F9D103A00363C9C = {
						CreatedOnToolsVersion = 9.0;
						ProvisioningStyle = Automatic;
					};
					E6D336541F9D103A00363C9C = {
						CreatedOnToolsVersion = 9.0;
						ProvisioningStyle = Automatic;
						TestTargetID = E6D336451F9D103A00363C9C;
					};
					E6D3365F1F9D103A00363C9C = {
						CreatedOnToolsVersion = 9.0;
						ProvisioningStyle = Automatic;
						TestTargetID = E6D336451F9D103A00363C9C;
					};
				};
			};
			buildConfigurationList = E6D336411F9D103A00363C9C /* Build configuration list for PBXProject "Form" */;
			compatibilityVersion = "Xcode 8.0";
			developmentRegion = en;
			hasScannedForEncodings = 0;
			knownRegions = (
				en,
				Base,
			);
			mainGroup = E6D3363D1F9D103A00363C9C;
			productRefGroup = E6D336471F9D103A00363C9C /* Products */;
			projectDirPath = "";
			projectRoot = "";
			targets = (
				E6D336451F9D103A00363C9C /* Form */,
				E6D336541F9D103A00363C9C /* FormTests */,
				E6D3365F1F9D103A00363C9C /* FormUITests */,
			);
		};
/* End PBXProject section */

/* Begin PBXResourcesBuildPhase section */
		E6D336441F9D103A00363C9C /* Resources */ = {
			isa = PBXResourcesBuildPhase;
			buildActionMask = 2147483647;
			files = (
				E6D3364C1F9D103A00363C9C /* Assets.xcassets in Resources */,
				E6D336891F9D17E500363C9C /* SimpleActionCell.xib in Resources */,
				E6D336941F9D2BF200363C9C /* SimpleDescriptionCell.xib in Resources */,
				E6D3364F1F9D103A00363C9C /* LaunchScreen.storyboard in Resources */,
				E6D3368C1F9D17F900363C9C /* DoubleInputCell.xib in Resources */,
				E6D336981F9D2C2A00363C9C /* AddOrRemoveDoubleInputCell.xib in Resources */,
				E618216A1FA59DBA006551FF /* SimpleInputCell.xib in Resources */,
				E6D3367B1F9D10CF00363C9C /* FormViewController.xib in Resources */,
			);
			runOnlyForDeploymentPostprocessing = 0;
		};
		E6D336531F9D103A00363C9C /* Resources */ = {
			isa = PBXResourcesBuildPhase;
			buildActionMask = 2147483647;
			files = (
			);
			runOnlyForDeploymentPostprocessing = 0;
		};
		E6D3365E1F9D103A00363C9C /* Resources */ = {
			isa = PBXResourcesBuildPhase;
			buildActionMask = 2147483647;
			files = (
			);
			runOnlyForDeploymentPostprocessing = 0;
		};
/* End PBXResourcesBuildPhase section */

/* Begin PBXSourcesBuildPhase section */
		E6D336421F9D103A00363C9C /* Sources */ = {
			isa = PBXSourcesBuildPhase;
			buildActionMask = 2147483647;
			files = (
				E6D3367E1F9D10EE00363C9C /* FormDataSource.swift in Sources */,
				E6D336971F9D2C2A00363C9C /* AddOrRemoveDoubleInputCell.swift in Sources */,
				E60842B91FA52EAD00B8D61C /* NotesInteractorInterface.swift in Sources */,
				E6D336901F9D1F9500363C9C /* Collection+Bounds.swift in Sources */,
				E61821691FA59DBA006551FF /* SimpleInputCell.swift in Sources */,
				E6D336931F9D2BF200363C9C /* SimpleDescriptionCell.swift in Sources */,
				E6D3364A1F9D103A00363C9C /* AppDelegate.swift in Sources */,
				E63AE0C41F9D6A13002FE2CC /* FormPresenterInterface.swift in Sources */,
				E61821601FA58BFE006551FF /* NoteCalculator.swift in Sources */,
				E6D336801F9D115600363C9C /* FormPresenter.swift in Sources */,
				E63AE0C01F9D488F002FE2CC /* NotesModuleLoader.swift in Sources */,
				E6D336881F9D17E500363C9C /* SimpleActionCell.swift in Sources */,
				E60842BB1FA5311800B8D61C /* NotesInteractor.swift in Sources */,
				E6D3367C1F9D10CF00363C9C /* FormViewController.swift in Sources */,
				E6D3368D1F9D17F900363C9C /* DoubleInputCell.swift in Sources */,
			);
			runOnlyForDeploymentPostprocessing = 0;
		};
		E6D336511F9D103A00363C9C /* Sources */ = {
			isa = PBXSourcesBuildPhase;
			buildActionMask = 2147483647;
			files = (
				E6D3365A1F9D103A00363C9C /* FormTests.swift in Sources */,
			);
			runOnlyForDeploymentPostprocessing = 0;
		};
		E6D3365C1F9D103A00363C9C /* Sources */ = {
			isa = PBXSourcesBuildPhase;
			buildActionMask = 2147483647;
			files = (
				E6D336651F9D103A00363C9C /* FormUITests.swift in Sources */,
			);
			runOnlyForDeploymentPostprocessing = 0;
		};
/* End PBXSourcesBuildPhase section */

/* Begin PBXTargetDependency section */
		E6D336571F9D103A00363C9C /* PBXTargetDependency */ = {
			isa = PBXTargetDependency;
			target = E6D336451F9D103A00363C9C /* Form */;
			targetProxy = E6D336561F9D103A00363C9C /* PBXContainerItemProxy */;
		};
		E6D336621F9D103A00363C9C /* PBXTargetDependency */ = {
			isa = PBXTargetDependency;
			target = E6D336451F9D103A00363C9C /* Form */;
			targetProxy = E6D336611F9D103A00363C9C /* PBXContainerItemProxy */;
		};
/* End PBXTargetDependency section */

/* Begin PBXVariantGroup section */
		E6D3364D1F9D103A00363C9C /* LaunchScreen.storyboard */ = {
			isa = PBXVariantGroup;
			children = (
				E6D3364E1F9D103A00363C9C /* Base */,
			);
			name = LaunchScreen.storyboard;
			sourceTree = "<group>";
		};
/* End PBXVariantGroup section */

/* Begin XCBuildConfiguration section */
		E6D336671F9D103A00363C9C /* Debug */ = {
			isa = XCBuildConfiguration;
			buildSettings = {
				ALWAYS_SEARCH_USER_PATHS = NO;
				CLANG_ANALYZER_NONNULL = YES;
				CLANG_ANALYZER_NUMBER_OBJECT_CONVERSION = YES_AGGRESSIVE;
				CLANG_CXX_LANGUAGE_STANDARD = "gnu++14";
				CLANG_CXX_LIBRARY = "libc++";
				CLANG_ENABLE_MODULES = YES;
				CLANG_ENABLE_OBJC_ARC = YES;
				CLANG_WARN_BLOCK_CAPTURE_AUTORELEASING = YES;
				CLANG_WARN_BOOL_CONVERSION = YES;
				CLANG_WARN_COMMA = YES;
				CLANG_WARN_CONSTANT_CONVERSION = YES;
				CLANG_WARN_DIRECT_OBJC_ISA_USAGE = YES_ERROR;
				CLANG_WARN_DOCUMENTATION_COMMENTS = YES;
				CLANG_WARN_EMPTY_BODY = YES;
				CLANG_WARN_ENUM_CONVERSION = YES;
				CLANG_WARN_INFINITE_RECURSION = YES;
				CLANG_WARN_INT_CONVERSION = YES;
				CLANG_WARN_NON_LITERAL_NULL_CONVERSION = YES;
				CLANG_WARN_OBJC_LITERAL_CONVERSION = YES;
				CLANG_WARN_OBJC_ROOT_CLASS = YES_ERROR;
				CLANG_WARN_RANGE_LOOP_ANALYSIS = YES;
				CLANG_WARN_STRICT_PROTOTYPES = YES;
				CLANG_WARN_SUSPICIOUS_MOVE = YES;
				CLANG_WARN_UNGUARDED_AVAILABILITY = YES_AGGRESSIVE;
				CLANG_WARN_UNREACHABLE_CODE = YES;
				CLANG_WARN__DUPLICATE_METHOD_MATCH = YES;
				CODE_SIGN_IDENTITY = "iPhone Developer";
				COPY_PHASE_STRIP = NO;
				DEBUG_INFORMATION_FORMAT = dwarf;
				ENABLE_STRICT_OBJC_MSGSEND = YES;
				ENABLE_TESTABILITY = YES;
				GCC_C_LANGUAGE_STANDARD = gnu11;
				GCC_DYNAMIC_NO_PIC = NO;
				GCC_NO_COMMON_BLOCKS = YES;
				GCC_OPTIMIZATION_LEVEL = 0;
				GCC_PREPROCESSOR_DEFINITIONS = (
					"DEBUG=1",
					"$(inherited)",
				);
				GCC_WARN_64_TO_32_BIT_CONVERSION = YES;
				GCC_WARN_ABOUT_RETURN_TYPE = YES_ERROR;
				GCC_WARN_UNDECLARED_SELECTOR = YES;
				GCC_WARN_UNINITIALIZED_AUTOS = YES_AGGRESSIVE;
				GCC_WARN_UNUSED_FUNCTION = YES;
				GCC_WARN_UNUSED_VARIABLE = YES;
				IPHONEOS_DEPLOYMENT_TARGET = 11.0;
				MTL_ENABLE_DEBUG_INFO = YES;
				ONLY_ACTIVE_ARCH = YES;
				SDKROOT = iphoneos;
				SWIFT_ACTIVE_COMPILATION_CONDITIONS = DEBUG;
				SWIFT_OPTIMIZATION_LEVEL = "-Onone";
			};
			name = Debug;
		};
		E6D336681F9D103A00363C9C /* Release */ = {
			isa = XCBuildConfiguration;
			buildSettings = {
				ALWAYS_SEARCH_USER_PATHS = NO;
				CLANG_ANALYZER_NONNULL = YES;
				CLANG_ANALYZER_NUMBER_OBJECT_CONVERSION = YES_AGGRESSIVE;
				CLANG_CXX_LANGUAGE_STANDARD = "gnu++14";
				CLANG_CXX_LIBRARY = "libc++";
				CLANG_ENABLE_MODULES = YES;
				CLANG_ENABLE_OBJC_ARC = YES;
				CLANG_WARN_BLOCK_CAPTURE_AUTORELEASING = YES;
				CLANG_WARN_BOOL_CONVERSION = YES;
				CLANG_WARN_COMMA = YES;
				CLANG_WARN_CONSTANT_CONVERSION = YES;
				CLANG_WARN_DIRECT_OBJC_ISA_USAGE = YES_ERROR;
				CLANG_WARN_DOCUMENTATION_COMMENTS = YES;
				CLANG_WARN_EMPTY_BODY = YES;
				CLANG_WARN_ENUM_CONVERSION = YES;
				CLANG_WARN_INFINITE_RECURSION = YES;
				CLANG_WARN_INT_CONVERSION = YES;
				CLANG_WARN_NON_LITERAL_NULL_CONVERSION = YES;
				CLANG_WARN_OBJC_LITERAL_CONVERSION = YES;
				CLANG_WARN_OBJC_ROOT_CLASS = YES_ERROR;
				CLANG_WARN_RANGE_LOOP_ANALYSIS = YES;
				CLANG_WARN_STRICT_PROTOTYPES = YES;
				CLANG_WARN_SUSPICIOUS_MOVE = YES;
				CLANG_WARN_UNGUARDED_AVAILABILITY = YES_AGGRESSIVE;
				CLANG_WARN_UNREACHABLE_CODE = YES;
				CLANG_WARN__DUPLICATE_METHOD_MATCH = YES;
				CODE_SIGN_IDENTITY = "iPhone Developer";
				COPY_PHASE_STRIP = NO;
				DEBUG_INFORMATION_FORMAT = "dwarf-with-dsym";
				ENABLE_NS_ASSERTIONS = NO;
				ENABLE_STRICT_OBJC_MSGSEND = YES;
				GCC_C_LANGUAGE_STANDARD = gnu11;
				GCC_NO_COMMON_BLOCKS = YES;
				GCC_WARN_64_TO_32_BIT_CONVERSION = YES;
				GCC_WARN_ABOUT_RETURN_TYPE = YES_ERROR;
				GCC_WARN_UNDECLARED_SELECTOR = YES;
				GCC_WARN_UNINITIALIZED_AUTOS = YES_AGGRESSIVE;
				GCC_WARN_UNUSED_FUNCTION = YES;
				GCC_WARN_UNUSED_VARIABLE = YES;
				IPHONEOS_DEPLOYMENT_TARGET = 11.0;
				MTL_ENABLE_DEBUG_INFO = NO;
				SDKROOT = iphoneos;
				SWIFT_OPTIMIZATION_LEVEL = "-Owholemodule";
				VALIDATE_PRODUCT = YES;
			};
			name = Release;
		};
		E6D3366A1F9D103A00363C9C /* Debug */ = {
			isa = XCBuildConfiguration;
			buildSettings = {
				ASSETCATALOG_COMPILER_APPICON_NAME = AppIcon;
				CODE_SIGN_STYLE = Automatic;
				INFOPLIST_FILE = Form/Info.plist;
				LD_RUNPATH_SEARCH_PATHS = "$(inherited) @executable_path/Frameworks";
				PRODUCT_BUNDLE_IDENTIFIER = example.Form;
				PRODUCT_NAME = "$(TARGET_NAME)";
				SWIFT_VERSION = 4.0;
				TARGETED_DEVICE_FAMILY = "1,2";
			};
			name = Debug;
		};
		E6D3366B1F9D103A00363C9C /* Release */ = {
			isa = XCBuildConfiguration;
			buildSettings = {
				ASSETCATALOG_COMPILER_APPICON_NAME = AppIcon;
				CODE_SIGN_STYLE = Automatic;
				INFOPLIST_FILE = Form/Info.plist;
				LD_RUNPATH_SEARCH_PATHS = "$(inherited) @executable_path/Frameworks";
				PRODUCT_BUNDLE_IDENTIFIER = example.Form;
				PRODUCT_NAME = "$(TARGET_NAME)";
				SWIFT_VERSION = 4.0;
				TARGETED_DEVICE_FAMILY = "1,2";
			};
			name = Release;
		};
		E6D3366D1F9D103A00363C9C /* Debug */ = {
			isa = XCBuildConfiguration;
			buildSettings = {
				ALWAYS_EMBED_SWIFT_STANDARD_LIBRARIES = YES;
				BUNDLE_LOADER = "$(TEST_HOST)";
				CODE_SIGN_STYLE = Automatic;
				INFOPLIST_FILE = FormTests/Info.plist;
				LD_RUNPATH_SEARCH_PATHS = "$(inherited) @executable_path/Frameworks @loader_path/Frameworks";
				PRODUCT_BUNDLE_IDENTIFIER = example.FormTests;
				PRODUCT_NAME = "$(TARGET_NAME)";
				SWIFT_VERSION = 4.0;
				TARGETED_DEVICE_FAMILY = "1,2";
				TEST_HOST = "$(BUILT_PRODUCTS_DIR)/Form.app/Form";
			};
			name = Debug;
		};
		E6D3366E1F9D103A00363C9C /* Release */ = {
			isa = XCBuildConfiguration;
			buildSettings = {
				ALWAYS_EMBED_SWIFT_STANDARD_LIBRARIES = YES;
				BUNDLE_LOADER = "$(TEST_HOST)";
				CODE_SIGN_STYLE = Automatic;
				INFOPLIST_FILE = FormTests/Info.plist;
				LD_RUNPATH_SEARCH_PATHS = "$(inherited) @executable_path/Frameworks @loader_path/Frameworks";
				PRODUCT_BUNDLE_IDENTIFIER = example.FormTests;
				PRODUCT_NAME = "$(TARGET_NAME)";
				SWIFT_VERSION = 4.0;
				TARGETED_DEVICE_FAMILY = "1,2";
				TEST_HOST = "$(BUILT_PRODUCTS_DIR)/Form.app/Form";
			};
			name = Release;
		};
		E6D336701F9D103A00363C9C /* Debug */ = {
			isa = XCBuildConfiguration;
			buildSettings = {
				ALWAYS_EMBED_SWIFT_STANDARD_LIBRARIES = YES;
				CODE_SIGN_STYLE = Automatic;
				INFOPLIST_FILE = FormUITests/Info.plist;
				LD_RUNPATH_SEARCH_PATHS = "$(inherited) @executable_path/Frameworks @loader_path/Frameworks";
				PRODUCT_BUNDLE_IDENTIFIER = example.FormUITests;
				PRODUCT_NAME = "$(TARGET_NAME)";
				SWIFT_VERSION = 4.0;
				TARGETED_DEVICE_FAMILY = "1,2";
				TEST_TARGET_NAME = Form;
			};
			name = Debug;
		};
		E6D336711F9D103A00363C9C /* Release */ = {
			isa = XCBuildConfiguration;
			buildSettings = {
				ALWAYS_EMBED_SWIFT_STANDARD_LIBRARIES = YES;
				CODE_SIGN_STYLE = Automatic;
				INFOPLIST_FILE = FormUITests/Info.plist;
				LD_RUNPATH_SEARCH_PATHS = "$(inherited) @executable_path/Frameworks @loader_path/Frameworks";
				PRODUCT_BUNDLE_IDENTIFIER = example.FormUITests;
				PRODUCT_NAME = "$(TARGET_NAME)";
				SWIFT_VERSION = 4.0;
				TARGETED_DEVICE_FAMILY = "1,2";
				TEST_TARGET_NAME = Form;
			};
			name = Release;
		};
/* End XCBuildConfiguration section */

/* Begin XCConfigurationList section */
		E6D336411F9D103A00363C9C /* Build configuration list for PBXProject "Form" */ = {
			isa = XCConfigurationList;
			buildConfigurations = (
				E6D336671F9D103A00363C9C /* Debug */,
				E6D336681F9D103A00363C9C /* Release */,
			);
			defaultConfigurationIsVisible = 0;
			defaultConfigurationName = Release;
		};
		E6D336691F9D103A00363C9C /* Build configuration list for PBXNativeTarget "Form" */ = {
			isa = XCConfigurationList;
			buildConfigurations = (
				E6D3366A1F9D103A00363C9C /* Debug */,
				E6D3366B1F9D103A00363C9C /* Release */,
			);
			defaultConfigurationIsVisible = 0;
			defaultConfigurationName = Release;
		};
		E6D3366C1F9D103A00363C9C /* Build configuration list for PBXNativeTarget "FormTests" */ = {
			isa = XCConfigurationList;
			buildConfigurations = (
				E6D3366D1F9D103A00363C9C /* Debug */,
				E6D3366E1F9D103A00363C9C /* Release */,
			);
			defaultConfigurationIsVisible = 0;
			defaultConfigurationName = Release;
		};
		E6D3366F1F9D103A00363C9C /* Build configuration list for PBXNativeTarget "FormUITests" */ = {
			isa = XCConfigurationList;
			buildConfigurations = (
				E6D336701F9D103A00363C9C /* Debug */,
				E6D336711F9D103A00363C9C /* Release */,
			);
			defaultConfigurationIsVisible = 0;
			defaultConfigurationName = Release;
		};
/* End XCConfigurationList section */
	};
	rootObject = E6D3363E1F9D103A00363C9C /* Project object */;
}
